
Microsoft Visual Studio Solution File, Format Version 12.00
# Visual Studio 15
Project("{FAE04EC0-301F-11D3-BF4B-00C04F79EFBC}") = "Assembly-CSharp", "Assembly-CSharp.csproj", "{70B6F472-77E3-B3D9-DD3E-5DD368BB99CC}"
EndProject
Project("{FAE04EC0-301F-11D3-BF4B-00C04F79EFBC}") = "Assembly-CSharp-firstpass", "Assembly-CSharp-firstpass.csproj", "{79D20D24-D73A-FAA2-225A-EE1649BD0FEC}"
EndProject
Project("{FAE04EC0-301F-11D3-BF4B-00C04F79EFBC}") = "Assembly-CSharp-Editor-firstpass", "Assembly-CSharp-Editor-firstpass.csproj", "{360E7B8D-E213-4F6E-BF18-8A23E1403163}"
EndProject
Global
	GlobalSection(SolutionConfigurationPlatforms) = preSolution
		Debug|Any CPU = Debug|Any CPU
		Release|Any CPU = Release|Any CPU
	EndGlobalSection
	GlobalSection(ProjectConfigurationPlatforms) = postSolution
		{70B6F472-77E3-B3D9-DD3E-5DD368BB99CC}.Debug|Any CPU.ActiveCfg = Debug|Any CPU
		{70B6F472-77E3-B3D9-DD3E-5DD368BB99CC}.Debug|Any CPU.Build.0 = Debug|Any CPU
		{70B6F472-77E3-B3D9-DD3E-5DD368BB99CC}.Release|Any CPU.ActiveCfg = Release|Any CPU
		{70B6F472-77E3-B3D9-DD3E-5DD368BB99CC}.Release|Any CPU.Build.0 = Release|Any CPU
		{79D20D24-D73A-FAA2-225A-EE1649BD0FEC}.Debug|Any CPU.ActiveCfg = Debug|Any CPU
		{79D20D24-D73A-FAA2-225A-EE1649BD0FEC}.Debug|Any CPU.Build.0 = Debug|Any CPU
		{79D20D24-D73A-FAA2-225A-EE1649BD0FEC}.Release|Any CPU.ActiveCfg = Release|Any CPU
		{79D20D24-D73A-FAA2-225A-EE1649BD0FEC}.Release|Any CPU.Build.0 = Release|Any CPU
		{360E7B8D-E213-4F6E-BF18-8A23E1403163}.Debug|Any CPU.ActiveCfg = Debug|Any CPU
		{360E7B8D-E213-4F6E-BF18-8A23E1403163}.Debug|Any CPU.Build.0 = Debug|Any CPU
		{360E7B8D-E213-4F6E-BF18-8A23E1403163}.Release|Any CPU.ActiveCfg = Release|Any CPU
		{360E7B8D-E213-4F6E-BF18-8A23E1403163}.Release|Any CPU.Build.0 = Release|Any CPU
	EndGlobalSection
	GlobalSection(SolutionProperties) = preSolution
		HideSolutionNode = FALSE
	EndGlobalSection
EndGlobal
